// !$*UTF8*$!
{
	archiveVersion = 1;
	classes = {
	};
	objectVersion = 46;
	objects = {

/* Begin PBXBuildFile section */
		4C2D2DB4575B26E41191C3BF /* Pods_StylingWithProtocols.framework in Frameworks */ = {isa = PBXBuildFile; fileRef = 0A83C6E2E20BB2C4D01EAE21 /* Pods_StylingWithProtocols.framework */; };
		76230B4E1D56727D006FBF67 /* AppDelegate.swift in Sources */ = {isa = PBXBuildFile; fileRef = 76230B4D1D56727D006FBF67 /* AppDelegate.swift */; };
		76230B501D56727D006FBF67 /* ViewController.swift in Sources */ = {isa = PBXBuildFile; fileRef = 76230B4F1D56727D006FBF67 /* ViewController.swift */; };
		76230B531D56727D006FBF67 /* Main.storyboard in Resources */ = {isa = PBXBuildFile; fileRef = 76230B511D56727D006FBF67 /* Main.storyboard */; };
		76230B551D56727D006FBF67 /* Assets.xcassets in Resources */ = {isa = PBXBuildFile; fileRef = 76230B541D56727D006FBF67 /* Assets.xcassets */; };
		76230B581D56727D006FBF67 /* LaunchScreen.storyboard in Resources */ = {isa = PBXBuildFile; fileRef = 76230B561D56727D006FBF67 /* LaunchScreen.storyboard */; };
/* End PBXBuildFile section */

/* Begin PBXFileReference section */
		0A83C6E2E20BB2C4D01EAE21 /* Pods_StylingWithProtocols.framework */ = {isa = PBXFileReference; explicitFileType = wrapper.framework; includeInIndex = 0; path = Pods_StylingWithProtocols.framework; sourceTree = BUILT_PRODUCTS_DIR; };
		76230B4A1D56727D006FBF67 /* StylingWithProtocols.app */ = {isa = PBXFileReference; explicitFileType = wrapper.application; includeInIndex = 0; path = StylingWithProtocols.app; sourceTree = BUILT_PRODUCTS_DIR; };
		76230B4D1D56727D006FBF67 /* AppDelegate.swift */ = {isa = PBXFileReference; lastKnownFileType = sourcecode.swift; path = AppDelegate.swift; sourceTree = "<group>"; };
		76230B4F1D56727D006FBF67 /* ViewController.swift */ = {isa = PBXFileReference; lastKnownFileType = sourcecode.swift; path = ViewController.swift; sourceTree = "<group>"; };
		76230B521D56727D006FBF67 /* Base */ = {isa = PBXFileReference; lastKnownFileType = file.storyboard; name = Base; path = Base.lproj/Main.storyboard; sourceTree = "<group>"; };
		76230B541D56727D006FBF67 /* Assets.xcassets */ = {isa = PBXFileReference; lastKnownFileType = folder.assetcatalog; path = Assets.xcassets; sourceTree = "<group>"; };
		76230B571D56727D006FBF67 /* Base */ = {isa = PBXFileReference; lastKnownFileType = file.storyboard; name = Base; path = Base.lproj/LaunchScreen.storyboard; sourceTree = "<group>"; };
		76230B591D56727D006FBF67 /* Info.plist */ = {isa = PBXFileReference; lastKnownFileType = text.plist.xml; path = Info.plist; sourceTree = "<group>"; };
		8B4F0A1767CBA05C45CBA861 /* Pods-StylingWithProtocols.debug.xcconfig */ = {isa = PBXFileReference; includeInIndex = 1; lastKnownFileType = text.xcconfig; name = "Pods-StylingWithProtocols.debug.xcconfig"; path = "Pods/Target Support Files/Pods-StylingWithProtocols/Pods-StylingWithProtocols.debug.xcconfig"; sourceTree = "<group>"; };
		95A05B94C5931E6A9CDA5E64 /* Pods-StylingWithProtocols.release.xcconfig */ = {isa = PBXFileReference; includeInIndex = 1; lastKnownFileType = text.xcconfig; name = "Pods-StylingWithProtocols.release.xcconfig"; path = "Pods/Target Support Files/Pods-StylingWithProtocols/Pods-StylingWithProtocols.release.xcconfig"; sourceTree = "<group>"; };
/* End PBXFileReference section */

/* Begin PBXFrameworksBuildPhase section */
		76230B471D56727D006FBF67 /* Frameworks */ = {
			isa = PBXFrameworksBuildPhase;
			buildActionMask = 2147483647;
			files = (
				4C2D2DB4575B26E41191C3BF /* Pods_StylingWithProtocols.framework in Frameworks */,
			);
			runOnlyForDeploymentPostprocessing = 0;
		};
/* End PBXFrameworksBuildPhase section */

/* Begin PBXGroup section */
		0A8C39CE05502B7BC9B288E6 /* Pods */ = {
			isa = PBXGroup;
			children = (
				8B4F0A1767CBA05C45CBA861 /* Pods-StylingWithProtocols.debug.xcconfig */,
				95A05B94C5931E6A9CDA5E64 /* Pods-StylingWithProtocols.release.xcconfig */,
			);
			name = Pods;
			sourceTree = "<group>";
		};
		76230B411D56727D006FBF67 = {
			isa = PBXGroup;
			children = (
				76230B4C1D56727D006FBF67 /* StylingWithProtocols */,
				76230B4B1D56727D006FBF67 /* Products */,
				0A8C39CE05502B7BC9B288E6 /* Pods */,
				797537D4C85081A1EFC9DC26 /* Frameworks */,
			);
			sourceTree = "<group>";
		};
		76230B4B1D56727D006FBF67 /* Products */ = {
			isa = PBXGroup;
			children = (
				76230B4A1D56727D006FBF67 /* StylingWithProtocols.app */,
			);
			name = Products;
			sourceTree = "<group>";
		};
		76230B4C1D56727D006FBF67 /* StylingWithProtocols */ = {
			isa = PBXGroup;
			children = (
				76230B4D1D56727D006FBF67 /* AppDelegate.swift */,
				76230B4F1D56727D006FBF67 /* ViewController.swift */,
				76230B511D56727D006FBF67 /* Main.storyboard */,
				76230B541D56727D006FBF67 /* Assets.xcassets */,
				76230B561D56727D006FBF67 /* LaunchScreen.storyboard */,
				76230B591D56727D006FBF67 /* Info.plist */,
			);
			path = StylingWithProtocols;
			sourceTree = "<group>";
		};
		797537D4C85081A1EFC9DC26 /* Frameworks */ = {
			isa = PBXGroup;
			children = (
				0A83C6E2E20BB2C4D01EAE21 /* Pods_StylingWithProtocols.framework */,
			);
			name = Frameworks;
			sourceTree = "<group>";
		};
/* End PBXGroup section */

/* Begin PBXNativeTarget section */
		76230B491D56727D006FBF67 /* StylingWithProtocols */ = {
			isa = PBXNativeTarget;
			buildConfigurationList = 76230B5C1D56727D006FBF67 /* Build configuration list for PBXNativeTarget "StylingWithProtocols" */;
			buildPhases = (
				CDAFEF63A5EE486D556D96B6 /* [CP] Check Pods Manifest.lock */,
				76230B461D56727D006FBF67 /* Sources */,
				76230B471D56727D006FBF67 /* Frameworks */,
				76230B481D56727D006FBF67 /* Resources */,
				304C9B92228EBD74F72EFC2C /* [CP] Embed Pods Frameworks */,
				1C94D89ACBFD8282532E0663 /* [CP] Copy Pods Resources */,
			);
			buildRules = (
			);
			dependencies = (
			);
			name = StylingWithProtocols;
			productName = StylingWithProtocols;
			productReference = 76230B4A1D56727D006FBF67 /* StylingWithProtocols.app */;
			productType = "com.apple.product-type.application";
		};
/* End PBXNativeTarget section */

/* Begin PBXProject section */
		76230B421D56727D006FBF67 /* Project object */ = {
			isa = PBXProject;
			attributes = {
				LastSwiftUpdateCheck = 0730;
				LastUpgradeCheck = 0730;
				ORGANIZATIONNAME = "Barbara Rodeker";
				TargetAttributes = {
					76230B491D56727D006FBF67 = {
						CreatedOnToolsVersion = 7.3.1;
					};
				};
			};
			buildConfigurationList = 76230B451D56727D006FBF67 /* Build configuration list for PBXProject "StylingWithProtocols" */;
			compatibilityVersion = "Xcode 3.2";
			developmentRegion = English;
			hasScannedForEncodings = 0;
			knownRegions = (
				en,
				Base,
			);
			mainGroup = 76230B411D56727D006FBF67;
			productRefGroup = 76230B4B1D56727D006FBF67 /* Products */;
			projectDirPath = "";
			projectRoot = "";
			targets = (
				76230B491D56727D006FBF67 /* StylingWithProtocols */,
			);
		};
/* End PBXProject section */

/* Begin PBXResourcesBuildPhase section */
		76230B481D56727D006FBF67 /* Resources */ = {
			isa = PBXResourcesBuildPhase;
			buildActionMask = 2147483647;
			files = (
				76230B581D56727D006FBF67 /* LaunchScreen.storyboard in Resources */,
				76230B551D56727D006FBF67 /* Assets.xcassets in Resources */,
				76230B531D56727D006FBF67 /* Main.storyboard in Resources */,
			);
			runOnlyForDeploymentPostprocessing = 0;
		};
/* End PBXResourcesBuildPhase section */

/* Begin PBXShellScriptBuildPhase section */
		1C94D89ACBFD8282532E0663 /* [CP] Copy Pods Resources */ = {
			isa = PBXShellScriptBuildPhase;
			buildActionMask = 2147483647;
			files = (
			);
			inputPaths = (
			);
			name = "[CP] Copy Pods Resources";
			outputPaths = (
			);
			runOnlyForDeploymentPostprocessing = 0;
			shellPath = /bin/sh;
			shellScript = "\"${SRCROOT}/Pods/Target Support Files/Pods-StylingWithProtocols/Pods-StylingWithProtocols-resources.sh\"\n";
			showEnvVarsInLog = 0;
		};
		304C9B92228EBD74F72EFC2C /* [CP] Embed Pods Frameworks */ = {
			isa = PBXShellScriptBuildPhase;
			buildActionMask = 2147483647;
			files = (
			);
			inputPaths = (
			);
			name = "[CP] Embed Pods Frameworks";
			outputPaths = (
			);
			runOnlyForDeploymentPostprocessing = 0;
			shellPath = /bin/sh;
			shellScript = "\"${SRCROOT}/Pods/Target Support Files/Pods-StylingWithProtocols/Pods-StylingWithProtocols-frameworks.sh\"\n";
			showEnvVarsInLog = 0;
		};
		CDAFEF63A5EE486D556D96B6 /* [CP] Check Pods Manifest.lock */ = {
			isa = PBXShellScriptBuildPhase;
			buildActionMask = 2147483647;
			files = (
			);
			inputPaths = (
			);
			name = "[CP] Check Pods Manifest.lock";
			outputPaths = (
			);
			runOnlyForDeploymentPostprocessing = 0;
			shellPath = /bin/sh;
			shellScript = "diff \"${PODS_ROOT}/../Podfile.lock\" \"${PODS_ROOT}/Manifest.lock\" > /dev/null\nif [[ $? != 0 ]] ; then\n    cat << EOM\nerror: The sandbox is not in sync with the Podfile.lock. Run 'pod install' or update your CocoaPods installation.\nEOM\n    exit 1\nfi\n";
			showEnvVarsInLog = 0;
		};
/* End PBXShellScriptBuildPhase section */

/* Begin PBXSourcesBuildPhase section */
		76230B461D56727D006FBF67 /* Sources */ = {
			isa = PBXSourcesBuildPhase;
			buildActionMask = 2147483647;
			files = (
				76230B501D56727D006FBF67 /* ViewController.swift in Sources */,
				76230B4E1D56727D006FBF67 /* AppDelegate.swift in Sources */,
			);
			runOnlyForDeploymentPostprocessing = 0;
		};
/* End PBXSourcesBuildPhase section */

/* Begin PBXVariantGroup section */
		76230B511D56727D006FBF67 /* Main.storyboard */ = {
			isa = PBXVariantGroup;
			children = (
				76230B521D56727D006FBF67 /* Base */,
			);
			name = Main.storyboard;
			sourceTree = "<group>";
		};
		76230B561D56727D006FBF67 /* LaunchScreen.storyboard */ = {
			isa = PBXVariantGroup;
			children = (
				76230B571D56727D006FBF67 /* Base */,
			);
			name = LaunchScreen.storyboard;
			sourceTree = "<group>";
		};
/* End PBXVariantGroup section */

/* Begin XCBuildConfiguration section */
		76230B5A1D56727D006FBF67 /* Debug */ = {
			isa = XCBuildConfiguration;
			buildSettings = {
				ALWAYS_SEARCH_USER_PATHS = NO;
				CLANG_ANALYZER_NONNULL = YES;
				CLANG_CXX_LANGUAGE_STANDARD = "gnu++0x";
				CLANG_CXX_LIBRARY = "libc++";
				CLANG_ENABLE_MODULES = YES;
				CLANG_ENABLE_OBJC_ARC = YES;
				CLANG_WARN_BOOL_CONVERSION = YES;
				CLANG_WARN_CONSTANT_CONVERSION = YES;
				CLANG_WARN_DIRECT_OBJC_ISA_USAGE = YES_ERROR;
				CLANG_WARN_EMPTY_BODY = YES;
				CLANG_WARN_ENUM_CONVERSION = YES;
				CLANG_WARN_INT_CONVERSION = YES;
				CLANG_WARN_OBJC_ROOT_CLASS = YES_ERROR;
				CLANG_WARN_UNREACHABLE_CODE = YES;
				CLANG_WARN__DUPLICATE_METHOD_MATCH = YES;
				"CODE_SIGN_IDENTITY[sdk=iphoneos*]" = "iPhone Developer";
				COPY_PHASE_STRIP = NO;
				DEBUG_INFORMATION_FORMAT = dwarf;
				ENABLE_STRICT_OBJC_MSGSEND = YES;
				ENABLE_TESTABILITY = YES;
				GCC_C_LANGUAGE_STANDARD = gnu99;
				GCC_DYNAMIC_NO_PIC = NO;
				GCC_NO_COMMON_BLOCKS = YES;
				GCC_OPTIMIZATION_LEVEL = 0;
				GCC_PREPROCESSOR_DEFINITIONS = (
					"DEBUG=1",
					"$(inherited)",
				);
				GCC_WARN_64_TO_32_BIT_CONVERSION = YES;
				GCC_WARN_ABOUT_RETURN_TYPE = YES_ERROR;
				GCC_WARN_UNDECLARED_SELECTOR = YES;
				GCC_WARN_UNINITIALIZED_AUTOS = YES_AGGRESSIVE;
				GCC_WARN_UNUSED_FUNCTION = YES;
				GCC_WARN_UNUSED_VARIABLE = YES;
				IPHONEOS_DEPLOYMENT_TARGET = 9.3;
				MTL_ENABLE_DEBUG_INFO = YES;
				ONLY_ACTIVE_ARCH = YES;
				SDKROOT = iphoneos;
				SWIFT_OPTIMIZATION_LEVEL = "-Onone";
			};
			name = Debug;
		};
		76230B5B1D56727D006FBF67 /* Release */ = {
			isa = XCBuildConfiguration;
			buildSettings = {
				ALWAYS_SEARCH_USER_PATHS = NO;
				CLANG_ANALYZER_NONNULL = YES;
				CLANG_CXX_LANGUAGE_STANDARD = "gnu++0x";
				CLANG_CXX_LIBRARY = "libc++";
				CLANG_ENABLE_MODULES = YES;
				CLANG_ENABLE_OBJC_ARC = YES;
				CLANG_WARN_BOOL_CONVERSION = YES;
				CLANG_WARN_CONSTANT_CONVERSION = YES;
				CLANG_WARN_DIRECT_OBJC_ISA_USAGE = YES_ERROR;
				CLANG_WARN_EMPTY_BODY = YES;
				CLANG_WARN_ENUM_CONVERSION = YES;
				CLANG_WARN_INT_CONVERSION = YES;
				CLANG_WARN_OBJC_ROOT_CLASS = YES_ERROR;
				CLANG_WARN_UNREACHABLE_CODE = YES;
				CLANG_WARN__DUPLICATE_METHOD_MATCH = YES;
				"CODE_SIGN_IDENTITY[sdk=iphoneos*]" = "iPhone Developer";
				COPY_PHASE_STRIP = NO;
				DEBUG_INFORMATION_FORMAT = "dwarf-with-dsym";
				ENABLE_NS_ASSERTIONS = NO;
				ENABLE_STRICT_OBJC_MSGSEND = YES;
				GCC_C_LANGUAGE_STANDARD = gnu99;
				GCC_NO_COMMON_BLOCKS = YES;
				GCC_WARN_64_TO_32_BIT_CONVERSION = YES;
				GCC_WARN_ABOUT_RETURN_TYPE = YES_ERROR;
				GCC_WARN_UNDECLARED_SELECTOR = YES;
				GCC_WARN_UNINITIALIZED_AUTOS = YES_AGGRESSIVE;
				GCC_WARN_UNUSED_FUNCTION = YES;
				GCC_WARN_UNUSED_VARIABLE = YES;
				IPHONEOS_DEPLOYMENT_TARGET = 9.3;
				MTL_ENABLE_DEBUG_INFO = NO;
				SDKROOT = iphoneos;
				VALIDATE_PRODUCT = YES;
			};
			name = Release;
		};
		76230B5D1D56727D006FBF67 /* Debug */ = {
			isa = XCBuildConfiguration;
			baseConfigurationReference = 8B4F0A1767CBA05C45CBA861 /* Pods-StylingWithProtocols.debug.xcconfig */;
			buildSettings = {
				ASSETCATALOG_COMPILER_APPICON_NAME = AppIcon;
				INFOPLIST_FILE = StylingWithProtocols/Info.plist;
				LD_RUNPATH_SEARCH_PATHS = "$(inherited) @executable_path/Frameworks";
				PRODUCT_BUNDLE_IDENTIFIER = ar.bmr.StylingWithProtocols;
				PRODUCT_NAME = "$(TARGET_NAME)";
			};
			name = Debug;
		};
		76230B5E1D56727D006FBF67 /* Release */ = {
			isa = XCBuildConfiguration;
			baseConfigurationReference = 95A05B94C5931E6A9CDA5E64 /* Pods-StylingWithProtocols.release.xcconfig */;
			buildSettings = {
				ASSETCATALOG_COMPILER_APPICON_NAME = AppIcon;
				INFOPLIST_FILE = StylingWithProtocols/Info.plist;
				LD_RUNPATH_SEARCH_PATHS = "$(inherited) @executable_path/Frameworks";
				PRODUCT_BUNDLE_IDENTIFIER = ar.bmr.StylingWithProtocols;
				PRODUCT_NAME = "$(TARGET_NAME)";
			};
			name = Release;
		};
/* End XCBuildConfiguration section */

/* Begin XCConfigurationList section */
		76230B451D56727D006FBF67 /* Build configuration list for PBXProject "StylingWithProtocols" */ = {
			isa = XCConfigurationList;
			buildConfigurations = (
				76230B5A1D56727D006FBF67 /* Debug */,
				76230B5B1D56727D006FBF67 /* Release */,
			);
			defaultConfigurationIsVisible = 0;
			defaultConfigurationName = Release;
		};
		76230B5C1D56727D006FBF67 /* Build configuration list for PBXNativeTarget "StylingWithProtocols" */ = {
			isa = XCConfigurationList;
			buildConfigurations = (
				76230B5D1D56727D006FBF67 /* Debug */,
				76230B5E1D56727D006FBF67 /* Release */,
			);
			defaultConfigurationIsVisible = 0;
			defaultConfigurationName = Release;
		};
/* End XCConfigurationList section */
	};
	rootObject = 76230B421D56727D006FBF67 /* Project object */;
}
